
Microsoft Visual Studio Solution File, Format Version 12.00
# Visual Studio Version 17
VisualStudioVersion = 17.5.002.0
MinimumVisualStudioVersion = 10.0.40219.1
Project("{9A19103F-16F7-4668-BE54-9A1E7A4F7556}") = "NetCoreMVC", "NetCoreMVC.csproj", "{05A33F75-E499-42A1-8126-82CA675ACCFB}"
EndProject
Global
	GlobalSection(SolutionConfigurationPlatforms) = preSolution
		Debug|Any CPU = Debug|Any CPU
		Release|Any CPU = Release|Any CPU
	EndGlobalSection
	GlobalSection(ProjectConfigurationPlatforms) = postSolution
		{05A33F75-E499-42A1-8126-82CA675ACCFB}.Debug|Any CPU.ActiveCfg = Debug|Any CPU
		{05A33F75-E499-42A1-8126-82CA675ACCFB}.Debug|Any CPU.Build.0 = Debug|Any CPU
		{05A33F75-E499-42A1-8126-82CA675ACCFB}.Release|Any CPU.ActiveCfg = Release|Any CPU
		{05A33F75-E499-42A1-8126-82CA675ACCFB}.Release|Any CPU.Build.0 = Release|Any CPU
	EndGlobalSection
	GlobalSection(SolutionProperties) = preSolution
		HideSolutionNode = FALSE
	EndGlobalSection
	GlobalSection(ExtensibilityGlobals) = postSolution
		SolutionGuid = {D0F58AD6-5BA3-4210-9FE0-6399AEB2495B}
	EndGlobalSection
EndGlobal
